
Microsoft Visual Studio Solution File, Format Version 12.00
# Visual Studio Version 17
VisualStudioVersion = 17.9.34714.143
MinimumVisualStudioVersion = 10.0.40219.1
Project("{2150E333-8FDC-42A3-9474-1A3956D46DE8}") = "Src", "Src", "{81EC44A1-71A7-451A-BEA1-48A24F33A8FD}"
EndProject
Project("{9A19103F-16F7-4668-BE54-9A1E7A4F7556}") = "MoreNoteMauiApp", "Src\MoreNoteMauiApp\MoreNoteMauiApp.csproj", "{B7AF6058-00FC-4F87-B321-5122748847B2}"
EndProject
Project("{9A19103F-16F7-4668-BE54-9A1E7A4F7556}") = "MoreNote.ClientCore", "Src\MoreNote.ClientCore\MoreNote.ClientCore.csproj", "{B67AF27B-2762-4D0B-AADD-449DC82EBE84}"
EndProject
Project("{9A19103F-16F7-4668-BE54-9A1E7A4F7556}") = "MoreNote.ClientCoreTests", "Src\MoreNote.ClientCoreTests\MoreNote.ClientCoreTests.csproj", "{986684CA-D76C-4206-BF03-17B68725CC2F}"
EndProject
Project("{9A19103F-16F7-4668-BE54-9A1E7A4F7556}") = "MoreNote.Models.Entiys", "Src\Server\Src\MoreNote.Models.Entiys\MoreNote.Models.Entiys.csproj", "{E714AC54-52F7-4549-9526-804143916C8C}"
EndProject
Project("{9A19103F-16F7-4668-BE54-9A1E7A4F7556}") = "MoreNote.Models", "Src\Server\Src\MoreNote.Models\MoreNote.Models.csproj", "{FC7F39DF-7B06-4099-B6C0-6F77144EE67D}"
EndProject
Project("{9A19103F-16F7-4668-BE54-9A1E7A4F7556}") = "MoreNote.Models.DTO", "Src\Server\Src\MoreNote.Models.DTO\MoreNote.Models.DTO.csproj", "{CA8BC58C-1CF6-41EF-93CC-C8CEF55AC584}"
EndProject
Project("{2150E333-8FDC-42A3-9474-1A3956D46DE8}") = "Server", "Server", "{9DFA381B-2C88-4575-8859-69FFA5B882EB}"
EndProject
Project("{9A19103F-16F7-4668-BE54-9A1E7A4F7556}") = "MoreNote.Config", "Src\Server\Src\MoreNote.Config\MoreNote.Config.csproj", "{606C8D30-8A6C-48D3-9A95-A1A0F1B2E9E2}"
EndProject
Project("{9A19103F-16F7-4668-BE54-9A1E7A4F7556}") = "MoreNote.Common", "Src\Server\Src\MoreNote.Common\MoreNote.Common.csproj", "{C717E61F-F6B7-4A13-B30C-6885E0F7BDF7}"
EndProject
Global
	GlobalSection(SolutionConfigurationPlatforms) = preSolution
		Debug|Any CPU = Debug|Any CPU
		Debug|ARM64 = Debug|ARM64
		Debug|x64 = Debug|x64
		Debug|x86 = Debug|x86
		Release|Any CPU = Release|Any CPU
		Release|ARM64 = Release|ARM64
		Release|x64 = Release|x64
		Release|x86 = Release|x86
	EndGlobalSection
	GlobalSection(ProjectConfigurationPlatforms) = postSolution
		{B7AF6058-00FC-4F87-B321-5122748847B2}.Debug|Any CPU.ActiveCfg = Debug|Any CPU
		{B7AF6058-00FC-4F87-B321-5122748847B2}.Debug|Any CPU.Build.0 = Debug|Any CPU
		{B7AF6058-00FC-4F87-B321-5122748847B2}.Debug|Any CPU.Deploy.0 = Debug|Any CPU
		{B7AF6058-00FC-4F87-B321-5122748847B2}.Debug|ARM64.ActiveCfg = Debug|Any CPU
		{B7AF6058-00FC-4F87-B321-5122748847B2}.Debug|ARM64.Build.0 = Debug|Any CPU
		{B7AF6058-00FC-4F87-B321-5122748847B2}.Debug|ARM64.Deploy.0 = Debug|Any CPU
		{B7AF6058-00FC-4F87-B321-5122748847B2}.Debug|x64.ActiveCfg = Debug|x64
		{B7AF6058-00FC-4F87-B321-5122748847B2}.Debug|x64.Build.0 = Debug|x64
		{B7AF6058-00FC-4F87-B321-5122748847B2}.Debug|x64.Deploy.0 = Debug|x64
		{B7AF6058-00FC-4F87-B321-5122748847B2}.Debug|x86.ActiveCfg = Debug|Any CPU
		{B7AF6058-00FC-4F87-B321-5122748847B2}.Debug|x86.Build.0 = Debug|Any CPU
		{B7AF6058-00FC-4F87-B321-5122748847B2}.Debug|x86.Deploy.0 = Debug|Any CPU
		{B7AF6058-00FC-4F87-B321-5122748847B2}.Release|Any CPU.ActiveCfg = Release|Any CPU
		{B7AF6058-00FC-4F87-B321-5122748847B2}.Release|Any CPU.Build.0 = Release|Any CPU
		{B7AF6058-00FC-4F87-B321-5122748847B2}.Release|Any CPU.Deploy.0 = Release|Any CPU
		{B7AF6058-00FC-4F87-B321-5122748847B2}.Release|ARM64.ActiveCfg = Release|Any CPU
		{B7AF6058-00FC-4F87-B321-5122748847B2}.Release|ARM64.Build.0 = Release|Any CPU
		{B7AF6058-00FC-4F87-B321-5122748847B2}.Release|ARM64.Deploy.0 = Release|Any CPU
		{B7AF6058-00FC-4F87-B321-5122748847B2}.Release|x64.ActiveCfg = Release|x64
		{B7AF6058-00FC-4F87-B321-5122748847B2}.Release|x64.Build.0 = Release|x64
		{B7AF6058-00FC-4F87-B321-5122748847B2}.Release|x64.Deploy.0 = Release|x64
		{B7AF6058-00FC-4F87-B321-5122748847B2}.Release|x86.ActiveCfg = Release|Any CPU
		{B7AF6058-00FC-4F87-B321-5122748847B2}.Release|x86.Build.0 = Release|Any CPU
		{B7AF6058-00FC-4F87-B321-5122748847B2}.Release|x86.Deploy.0 = Release|Any CPU
		{B67AF27B-2762-4D0B-AADD-449DC82EBE84}.Debug|Any CPU.ActiveCfg = Debug|Any CPU
		{B67AF27B-2762-4D0B-AADD-449DC82EBE84}.Debug|Any CPU.Build.0 = Debug|Any CPU
		{B67AF27B-2762-4D0B-AADD-449DC82EBE84}.Debug|ARM64.ActiveCfg = Debug|Any CPU
		{B67AF27B-2762-4D0B-AADD-449DC82EBE84}.Debug|ARM64.Build.0 = Debug|Any CPU
		{B67AF27B-2762-4D0B-AADD-449DC82EBE84}.Debug|x64.ActiveCfg = Debug|x64
		{B67AF27B-2762-4D0B-AADD-449DC82EBE84}.Debug|x64.Build.0 = Debug|x64
		{B67AF27B-2762-4D0B-AADD-449DC82EBE84}.Debug|x86.ActiveCfg = Debug|Any CPU
		{B67AF27B-2762-4D0B-AADD-449DC82EBE84}.Debug|x86.Build.0 = Debug|Any CPU
		{B67AF27B-2762-4D0B-AADD-449DC82EBE84}.Release|Any CPU.ActiveCfg = Release|Any CPU
		{B67AF27B-2762-4D0B-AADD-449DC82EBE84}.Release|Any CPU.Build.0 = Release|Any CPU
		{B67AF27B-2762-4D0B-AADD-449DC82EBE84}.Release|ARM64.ActiveCfg = Release|Any CPU
		{B67AF27B-2762-4D0B-AADD-449DC82EBE84}.Release|ARM64.Build.0 = Release|Any CPU
		{B67AF27B-2762-4D0B-AADD-449DC82EBE84}.Release|x64.ActiveCfg = Release|x64
		{B67AF27B-2762-4D0B-AADD-449DC82EBE84}.Release|x64.Build.0 = Release|x64
		{B67AF27B-2762-4D0B-AADD-449DC82EBE84}.Release|x86.ActiveCfg = Release|Any CPU
		{B67AF27B-2762-4D0B-AADD-449DC82EBE84}.Release|x86.Build.0 = Release|Any CPU
		{986684CA-D76C-4206-BF03-17B68725CC2F}.Debug|Any CPU.ActiveCfg = Debug|Any CPU
		{986684CA-D76C-4206-BF03-17B68725CC2F}.Debug|Any CPU.Build.0 = Debug|Any CPU
		{986684CA-D76C-4206-BF03-17B68725CC2F}.Debug|ARM64.ActiveCfg = Debug|Any CPU
		{986684CA-D76C-4206-BF03-17B68725CC2F}.Debug|ARM64.Build.0 = Debug|Any CPU
		{986684CA-D76C-4206-BF03-17B68725CC2F}.Debug|x64.ActiveCfg = Debug|x64
		{986684CA-D76C-4206-BF03-17B68725CC2F}.Debug|x64.Build.0 = Debug|x64
		{986684CA-D76C-4206-BF03-17B68725CC2F}.Debug|x86.ActiveCfg = Debug|Any CPU
		{986684CA-D76C-4206-BF03-17B68725CC2F}.Debug|x86.Build.0 = Debug|Any CPU
		{986684CA-D76C-4206-BF03-17B68725CC2F}.Release|Any CPU.ActiveCfg = Release|Any CPU
		{986684CA-D76C-4206-BF03-17B68725CC2F}.Release|Any CPU.Build.0 = Release|Any CPU
		{986684CA-D76C-4206-BF03-17B68725CC2F}.Release|ARM64.ActiveCfg = Release|Any CPU
		{986684CA-D76C-4206-BF03-17B68725CC2F}.Release|ARM64.Build.0 = Release|Any CPU
		{986684CA-D76C-4206-BF03-17B68725CC2F}.Release|x64.ActiveCfg = Release|Any CPU
		{986684CA-D76C-4206-BF03-17B68725CC2F}.Release|x64.Build.0 = Release|Any CPU
		{986684CA-D76C-4206-BF03-17B68725CC2F}.Release|x86.ActiveCfg = Release|Any CPU
		{986684CA-D76C-4206-BF03-17B68725CC2F}.Release|x86.Build.0 = Release|Any CPU
		{E714AC54-52F7-4549-9526-804143916C8C}.Debug|Any CPU.ActiveCfg = Debug|Any CPU
		{E714AC54-52F7-4549-9526-804143916C8C}.Debug|Any CPU.Build.0 = Debug|Any CPU
		{E714AC54-52F7-4549-9526-804143916C8C}.Debug|ARM64.ActiveCfg = Debug|Any CPU
		{E714AC54-52F7-4549-9526-804143916C8C}.Debug|ARM64.Build.0 = Debug|Any CPU
		{E714AC54-52F7-4549-9526-804143916C8C}.Debug|x64.ActiveCfg = Debug|x64
		{E714AC54-52F7-4549-9526-804143916C8C}.Debug|x64.Build.0 = Debug|x64
		{E714AC54-52F7-4549-9526-804143916C8C}.Debug|x86.ActiveCfg = Debug|Any CPU
		{E714AC54-52F7-4549-9526-804143916C8C}.Debug|x86.Build.0 = Debug|Any CPU
		{E714AC54-52F7-4549-9526-804143916C8C}.Release|Any CPU.ActiveCfg = Release|Any CPU
		{E714AC54-52F7-4549-9526-804143916C8C}.Release|Any CPU.Build.0 = Release|Any CPU
		{E714AC54-52F7-4549-9526-804143916C8C}.Release|ARM64.ActiveCfg = Release|Any CPU
		{E714AC54-52F7-4549-9526-804143916C8C}.Release|ARM64.Build.0 = Release|Any CPU
		{E714AC54-52F7-4549-9526-804143916C8C}.Release|x64.ActiveCfg = Release|x64
		{E714AC54-52F7-4549-9526-804143916C8C}.Release|x64.Build.0 = Release|x64
		{E714AC54-52F7-4549-9526-804143916C8C}.Release|x86.ActiveCfg = Release|Any CPU
		{E714AC54-52F7-4549-9526-804143916C8C}.Release|x86.Build.0 = Release|Any CPU
		{FC7F39DF-7B06-4099-B6C0-6F77144EE67D}.Debug|Any CPU.ActiveCfg = Debug|Any CPU
		{FC7F39DF-7B06-4099-B6C0-6F77144EE67D}.Debug|Any CPU.Build.0 = Debug|Any CPU
		{FC7F39DF-7B06-4099-B6C0-6F77144EE67D}.Debug|ARM64.ActiveCfg = Debug|ARM64
		{FC7F39DF-7B06-4099-B6C0-6F77144EE67D}.Debug|ARM64.Build.0 = Debug|ARM64
		{FC7F39DF-7B06-4099-B6C0-6F77144EE67D}.Debug|x64.ActiveCfg = Debug|x64
		{FC7F39DF-7B06-4099-B6C0-6F77144EE67D}.Debug|x64.Build.0 = Debug|x64
		{FC7F39DF-7B06-4099-B6C0-6F77144EE67D}.Debug|x86.ActiveCfg = Debug|x86
		{FC7F39DF-7B06-4099-B6C0-6F77144EE67D}.Debug|x86.Build.0 = Debug|x86
		{FC7F39DF-7B06-4099-B6C0-6F77144EE67D}.Release|Any CPU.ActiveCfg = Release|Any CPU
		{FC7F39DF-7B06-4099-B6C0-6F77144EE67D}.Release|Any CPU.Build.0 = Release|Any CPU
		{FC7F39DF-7B06-4099-B6C0-6F77144EE67D}.Release|ARM64.ActiveCfg = Release|ARM64
		{FC7F39DF-7B06-4099-B6C0-6F77144EE67D}.Release|ARM64.Build.0 = Release|ARM64
		{FC7F39DF-7B06-4099-B6C0-6F77144EE67D}.Release|x64.ActiveCfg = Release|x64
		{FC7F39DF-7B06-4099-B6C0-6F77144EE67D}.Release|x64.Build.0 = Release|x64
		{FC7F39DF-7B06-4099-B6C0-6F77144EE67D}.Release|x86.ActiveCfg = Release|x86
		{FC7F39DF-7B06-4099-B6C0-6F77144EE67D}.Release|x86.Build.0 = Release|x86
		{CA8BC58C-1CF6-41EF-93CC-C8CEF55AC584}.Debug|Any CPU.ActiveCfg = Debug|Any CPU
		{CA8BC58C-1CF6-41EF-93CC-C8CEF55AC584}.Debug|Any CPU.Build.0 = Debug|Any CPU
		{CA8BC58C-1CF6-41EF-93CC-C8CEF55AC584}.Debug|ARM64.ActiveCfg = Debug|Any CPU
		{CA8BC58C-1CF6-41EF-93CC-C8CEF55AC584}.Debug|ARM64.Build.0 = Debug|Any CPU
		{CA8BC58C-1CF6-41EF-93CC-C8CEF55AC584}.Debug|x64.ActiveCfg = Debug|x64
		{CA8BC58C-1CF6-41EF-93CC-C8CEF55AC584}.Debug|x64.Build.0 = Debug|x64
		{CA8BC58C-1CF6-41EF-93CC-C8CEF55AC584}.Debug|x86.ActiveCfg = Debug|Any CPU
		{CA8BC58C-1CF6-41EF-93CC-C8CEF55AC584}.Debug|x86.Build.0 = Debug|Any CPU
		{CA8BC58C-1CF6-41EF-93CC-C8CEF55AC584}.Release|Any CPU.ActiveCfg = Release|Any CPU
		{CA8BC58C-1CF6-41EF-93CC-C8CEF55AC584}.Release|Any CPU.Build.0 = Release|Any CPU
		{CA8BC58C-1CF6-41EF-93CC-C8CEF55AC584}.Release|ARM64.ActiveCfg = Release|Any CPU
		{CA8BC58C-1CF6-41EF-93CC-C8CEF55AC584}.Release|ARM64.Build.0 = Release|Any CPU
		{CA8BC58C-1CF6-41EF-93CC-C8CEF55AC584}.Release|x64.ActiveCfg = Release|x64
		{CA8BC58C-1CF6-41EF-93CC-C8CEF55AC584}.Release|x64.Build.0 = Release|x64
		{CA8BC58C-1CF6-41EF-93CC-C8CEF55AC584}.Release|x86.ActiveCfg = Release|Any CPU
		{CA8BC58C-1CF6-41EF-93CC-C8CEF55AC584}.Release|x86.Build.0 = Release|Any CPU
		{606C8D30-8A6C-48D3-9A95-A1A0F1B2E9E2}.Debug|Any CPU.ActiveCfg = Debug|Any CPU
		{606C8D30-8A6C-48D3-9A95-A1A0F1B2E9E2}.Debug|Any CPU.Build.0 = Debug|Any CPU
		{606C8D30-8A6C-48D3-9A95-A1A0F1B2E9E2}.Debug|ARM64.ActiveCfg = Debug|Any CPU
		{606C8D30-8A6C-48D3-9A95-A1A0F1B2E9E2}.Debug|ARM64.Build.0 = Debug|Any CPU
		{606C8D30-8A6C-48D3-9A95-A1A0F1B2E9E2}.Debug|x64.ActiveCfg = Debug|x64
		{606C8D30-8A6C-48D3-9A95-A1A0F1B2E9E2}.Debug|x64.Build.0 = Debug|x64
		{606C8D30-8A6C-48D3-9A95-A1A0F1B2E9E2}.Debug|x86.ActiveCfg = Debug|Any CPU
		{606C8D30-8A6C-48D3-9A95-A1A0F1B2E9E2}.Debug|x86.Build.0 = Debug|Any CPU
		{606C8D30-8A6C-48D3-9A95-A1A0F1B2E9E2}.Release|Any CPU.ActiveCfg = Release|Any CPU
		{606C8D30-8A6C-48D3-9A95-A1A0F1B2E9E2}.Release|Any CPU.Build.0 = Release|Any CPU
		{606C8D30-8A6C-48D3-9A95-A1A0F1B2E9E2}.Release|ARM64.ActiveCfg = Release|Any CPU
		{606C8D30-8A6C-48D3-9A95-A1A0F1B2E9E2}.Release|ARM64.Build.0 = Release|Any CPU
		{606C8D30-8A6C-48D3-9A95-A1A0F1B2E9E2}.Release|x64.ActiveCfg = Release|x64
		{606C8D30-8A6C-48D3-9A95-A1A0F1B2E9E2}.Release|x64.Build.0 = Release|x64
		{606C8D30-8A6C-48D3-9A95-A1A0F1B2E9E2}.Release|x86.ActiveCfg = Release|Any CPU
		{606C8D30-8A6C-48D3-9A95-A1A0F1B2E9E2}.Release|x86.Build.0 = Release|Any CPU
		{C717E61F-F6B7-4A13-B30C-6885E0F7BDF7}.Debug|Any CPU.ActiveCfg = Debug|Any CPU
		{C717E61F-F6B7-4A13-B30C-6885E0F7BDF7}.Debug|Any CPU.Build.0 = Debug|Any CPU
		{C717E61F-F6B7-4A13-B30C-6885E0F7BDF7}.Debug|ARM64.ActiveCfg = Debug|ARM64
		{C717E61F-F6B7-4A13-B30C-6885E0F7BDF7}.Debug|ARM64.Build.0 = Debug|ARM64
		{C717E61F-F6B7-4A13-B30C-6885E0F7BDF7}.Debug|x64.ActiveCfg = Debug|x64
		{C717E61F-F6B7-4A13-B30C-6885E0F7BDF7}.Debug|x64.Build.0 = Debug|x64
		{C717E61F-F6B7-4A13-B30C-6885E0F7BDF7}.Debug|x86.ActiveCfg = Debug|x86
		{C717E61F-F6B7-4A13-B30C-6885E0F7BDF7}.Debug|x86.Build.0 = Debug|x86
		{C717E61F-F6B7-4A13-B30C-6885E0F7BDF7}.Release|Any CPU.ActiveCfg = Release|Any CPU
		{C717E61F-F6B7-4A13-B30C-6885E0F7BDF7}.Release|Any CPU.Build.0 = Release|Any CPU
		{C717E61F-F6B7-4A13-B30C-6885E0F7BDF7}.Release|ARM64.ActiveCfg = Release|ARM64
		{C717E61F-F6B7-4A13-B30C-6885E0F7BDF7}.Release|ARM64.Build.0 = Release|ARM64
		{C717E61F-F6B7-4A13-B30C-6885E0F7BDF7}.Release|x64.ActiveCfg = Release|x64
		{C717E61F-F6B7-4A13-B30C-6885E0F7BDF7}.Release|x64.Build.0 = Release|x64
		{C717E61F-F6B7-4A13-B30C-6885E0F7BDF7}.Release|x86.ActiveCfg = Release|x86
		{C717E61F-F6B7-4A13-B30C-6885E0F7BDF7}.Release|x86.Build.0 = Release|x86
	EndGlobalSection
	GlobalSection(SolutionProperties) = preSolution
		HideSolutionNode = FALSE
	EndGlobalSection
	GlobalSection(NestedProjects) = preSolution
		{B7AF6058-00FC-4F87-B321-5122748847B2} = {81EC44A1-71A7-451A-BEA1-48A24F33A8FD}
		{B67AF27B-2762-4D0B-AADD-449DC82EBE84} = {81EC44A1-71A7-451A-BEA1-48A24F33A8FD}
		{986684CA-D76C-4206-BF03-17B68725CC2F} = {81EC44A1-71A7-451A-BEA1-48A24F33A8FD}
		{E714AC54-52F7-4549-9526-804143916C8C} = {9DFA381B-2C88-4575-8859-69FFA5B882EB}
		{FC7F39DF-7B06-4099-B6C0-6F77144EE67D} = {9DFA381B-2C88-4575-8859-69FFA5B882EB}
		{CA8BC58C-1CF6-41EF-93CC-C8CEF55AC584} = {9DFA381B-2C88-4575-8859-69FFA5B882EB}
		{9DFA381B-2C88-4575-8859-69FFA5B882EB} = {81EC44A1-71A7-451A-BEA1-48A24F33A8FD}
		{606C8D30-8A6C-48D3-9A95-A1A0F1B2E9E2} = {9DFA381B-2C88-4575-8859-69FFA5B882EB}
		{C717E61F-F6B7-4A13-B30C-6885E0F7BDF7} = {9DFA381B-2C88-4575-8859-69FFA5B882EB}
	EndGlobalSection
	GlobalSection(ExtensibilityGlobals) = postSolution
		SolutionGuid = {35B5E3DC-2D61-4F5A-914D-188112EA3C38}
	EndGlobalSection
EndGlobal
