
Microsoft Visual Studio Solution File, Format Version 12.00
# Visual Studio Version 17
VisualStudioVersion = 17.9.34714.143
MinimumVisualStudioVersion = 10.0.40219.1
Project("{2150E333-8FDC-42A3-9474-1A3956D46DE8}") = "Src", "Src", "{81EC44A1-71A7-451A-BEA1-48A24F33A8FD}"
EndProject
Project("{9A19103F-16F7-4668-BE54-9A1E7A4F7556}") = "MoreNoteMauiApp", "Src\MoreNoteMauiApp\MoreNoteMauiApp.csproj", "{B7AF6058-00FC-4F87-B321-5122748847B2}"
EndProject
Project("{9A19103F-16F7-4668-BE54-9A1E7A4F7556}") = "MoreNote.ClientCore", "Src\MoreNote.ClientCore\MoreNote.ClientCore.csproj", "{B67AF27B-2762-4D0B-AADD-449DC82EBE84}"
EndProject
Global
	GlobalSection(SolutionConfigurationPlatforms) = preSolution
		Debug|Any CPU = Debug|Any CPU
		Debug|x64 = Debug|x64
		Release|Any CPU = Release|Any CPU
		Release|x64 = Release|x64
	EndGlobalSection
	GlobalSection(ProjectConfigurationPlatforms) = postSolution
		{B7AF6058-00FC-4F87-B321-5122748847B2}.Debug|Any CPU.ActiveCfg = Debug|Any CPU
		{B7AF6058-00FC-4F87-B321-5122748847B2}.Debug|Any CPU.Build.0 = Debug|Any CPU
		{B7AF6058-00FC-4F87-B321-5122748847B2}.Debug|Any CPU.Deploy.0 = Debug|Any CPU
		{B7AF6058-00FC-4F87-B321-5122748847B2}.Debug|x64.ActiveCfg = Debug|x64
		{B7AF6058-00FC-4F87-B321-5122748847B2}.Debug|x64.Build.0 = Debug|x64
		{B7AF6058-00FC-4F87-B321-5122748847B2}.Debug|x64.Deploy.0 = Debug|x64
		{B7AF6058-00FC-4F87-B321-5122748847B2}.Release|Any CPU.ActiveCfg = Release|Any CPU
		{B7AF6058-00FC-4F87-B321-5122748847B2}.Release|Any CPU.Build.0 = Release|Any CPU
		{B7AF6058-00FC-4F87-B321-5122748847B2}.Release|Any CPU.Deploy.0 = Release|Any CPU
		{B7AF6058-00FC-4F87-B321-5122748847B2}.Release|x64.ActiveCfg = Release|x64
		{B7AF6058-00FC-4F87-B321-5122748847B2}.Release|x64.Build.0 = Release|x64
		{B7AF6058-00FC-4F87-B321-5122748847B2}.Release|x64.Deploy.0 = Release|x64
		{B67AF27B-2762-4D0B-AADD-449DC82EBE84}.Debug|Any CPU.ActiveCfg = Debug|Any CPU
		{B67AF27B-2762-4D0B-AADD-449DC82EBE84}.Debug|Any CPU.Build.0 = Debug|Any CPU
		{B67AF27B-2762-4D0B-AADD-449DC82EBE84}.Debug|x64.ActiveCfg = Debug|x64
		{B67AF27B-2762-4D0B-AADD-449DC82EBE84}.Debug|x64.Build.0 = Debug|x64
		{B67AF27B-2762-4D0B-AADD-449DC82EBE84}.Release|Any CPU.ActiveCfg = Release|Any CPU
		{B67AF27B-2762-4D0B-AADD-449DC82EBE84}.Release|Any CPU.Build.0 = Release|Any CPU
		{B67AF27B-2762-4D0B-AADD-449DC82EBE84}.Release|x64.ActiveCfg = Release|x64
		{B67AF27B-2762-4D0B-AADD-449DC82EBE84}.Release|x64.Build.0 = Release|x64
	EndGlobalSection
	GlobalSection(SolutionProperties) = preSolution
		HideSolutionNode = FALSE
	EndGlobalSection
	GlobalSection(NestedProjects) = preSolution
		{B7AF6058-00FC-4F87-B321-5122748847B2} = {81EC44A1-71A7-451A-BEA1-48A24F33A8FD}
		{B67AF27B-2762-4D0B-AADD-449DC82EBE84} = {81EC44A1-71A7-451A-BEA1-48A24F33A8FD}
	EndGlobalSection
	GlobalSection(ExtensibilityGlobals) = postSolution
		SolutionGuid = {35B5E3DC-2D61-4F5A-914D-188112EA3C38}
	EndGlobalSection
EndGlobal
